// !$*UTF8*$!
{
	archiveVersion = 1;
	classes = {
	};
	objectVersion = 46;
	objects = {

/* Begin PBXBuildFile section */
		6BFB43A01D133276003F3D83 /* main.m in Sources */ = {isa = PBXBuildFile; fileRef = 6BFB439F1D133276003F3D83 /* main.m */; };
		6BFB43A31D133276003F3D83 /* AppDelegate.m in Sources */ = {isa = PBXBuildFile; fileRef = 6BFB43A21D133276003F3D83 /* AppDelegate.m */; };
		6BFB43A91D133276003F3D83 /* Main.storyboard in Resources */ = {isa = PBXBuildFile; fileRef = 6BFB43A71D133276003F3D83 /* Main.storyboard */; };
		6BFB43AB1D133276003F3D83 /* Assets.xcassets in Resources */ = {isa = PBXBuildFile; fileRef = 6BFB43AA1D133276003F3D83 /* Assets.xcassets */; };
		6BFB43AE1D133276003F3D83 /* LaunchScreen.storyboard in Resources */ = {isa = PBXBuildFile; fileRef = 6BFB43AC1D133276003F3D83 /* LaunchScreen.storyboard */; };
		6BFB43B71D1333F6003F3D83 /* SearchViewController.m in Sources */ = {isa = PBXBuildFile; fileRef = 6BFB43B61D1333F6003F3D83 /* SearchViewController.m */; };
		6BFB43BA1D133480003F3D83 /* ResultsTableViewController.m in Sources */ = {isa = PBXBuildFile; fileRef = 6BFB43B91D133480003F3D83 /* ResultsTableViewController.m */; };
		6BFB43BD1D133715003F3D83 /* Result.m in Sources */ = {isa = PBXBuildFile; fileRef = 6BFB43BC1D133715003F3D83 /* Result.m */; };
		6BFB43C11D133BAF003F3D83 /* MapKit.framework in Frameworks */ = {isa = PBXBuildFile; fileRef = 6BFB43C01D133BAF003F3D83 /* MapKit.framework */; };
		6BFB43C41D133E97003F3D83 /* MapViewController.m in Sources */ = {isa = PBXBuildFile; fileRef = 6BFB43C31D133E97003F3D83 /* MapViewController.m */; };
		6BFB440B1D19BDE9003F3D83 /* MapAnnotation.m in Sources */ = {isa = PBXBuildFile; fileRef = 6BFB440A1D19BDE9003F3D83 /* MapAnnotation.m */; };
		6BFB440D1D19C421003F3D83 /* cookie.png in Resources */ = {isa = PBXBuildFile; fileRef = 6BFB440C1D19C421003F3D83 /* cookie.png */; };
		6BFB44101D19C4C1003F3D83 /* MyPinAnnotation.m in Sources */ = {isa = PBXBuildFile; fileRef = 6BFB440F1D19C4C1003F3D83 /* MyPinAnnotation.m */; };
/* End PBXBuildFile section */

/* Begin PBXFileReference section */
		6BFB439B1D133276003F3D83 /* SearchApp.app */ = {isa = PBXFileReference; explicitFileType = wrapper.application; includeInIndex = 0; path = SearchApp.app; sourceTree = BUILT_PRODUCTS_DIR; };
		6BFB439F1D133276003F3D83 /* main.m */ = {isa = PBXFileReference; lastKnownFileType = sourcecode.c.objc; path = main.m; sourceTree = "<group>"; };
		6BFB43A11D133276003F3D83 /* AppDelegate.h */ = {isa = PBXFileReference; lastKnownFileType = sourcecode.c.h; path = AppDelegate.h; sourceTree = "<group>"; };
		6BFB43A21D133276003F3D83 /* AppDelegate.m */ = {isa = PBXFileReference; lastKnownFileType = sourcecode.c.objc; path = AppDelegate.m; sourceTree = "<group>"; };
		6BFB43A81D133276003F3D83 /* Base */ = {isa = PBXFileReference; lastKnownFileType = file.storyboard; name = Base; path = Base.lproj/Main.storyboard; sourceTree = "<group>"; };
		6BFB43AA1D133276003F3D83 /* Assets.xcassets */ = {isa = PBXFileReference; lastKnownFileType = folder.assetcatalog; path = Assets.xcassets; sourceTree = "<group>"; };
		6BFB43AD1D133276003F3D83 /* Base */ = {isa = PBXFileReference; lastKnownFileType = file.storyboard; name = Base; path = Base.lproj/LaunchScreen.storyboard; sourceTree = "<group>"; };
		6BFB43AF1D133276003F3D83 /* Info.plist */ = {isa = PBXFileReference; lastKnownFileType = text.plist.xml; path = Info.plist; sourceTree = "<group>"; };
		6BFB43B51D1333F6003F3D83 /* SearchViewController.h */ = {isa = PBXFileReference; fileEncoding = 4; lastKnownFileType = sourcecode.c.h; path = SearchViewController.h; sourceTree = "<group>"; };
		6BFB43B61D1333F6003F3D83 /* SearchViewController.m */ = {isa = PBXFileReference; fileEncoding = 4; lastKnownFileType = sourcecode.c.objc; path = SearchViewController.m; sourceTree = "<group>"; };
		6BFB43B81D133480003F3D83 /* ResultsTableViewController.h */ = {isa = PBXFileReference; fileEncoding = 4; lastKnownFileType = sourcecode.c.h; path = ResultsTableViewController.h; sourceTree = "<group>"; };
		6BFB43B91D133480003F3D83 /* ResultsTableViewController.m */ = {isa = PBXFileReference; fileEncoding = 4; lastKnownFileType = sourcecode.c.objc; path = ResultsTableViewController.m; sourceTree = "<group>"; };
		6BFB43BB1D133715003F3D83 /* Result.h */ = {isa = PBXFileReference; fileEncoding = 4; lastKnownFileType = sourcecode.c.h; path = Result.h; sourceTree = "<group>"; };
		6BFB43BC1D133715003F3D83 /* Result.m */ = {isa = PBXFileReference; fileEncoding = 4; lastKnownFileType = sourcecode.c.objc; path = Result.m; sourceTree = "<group>"; };
		6BFB43C01D133BAF003F3D83 /* MapKit.framework */ = {isa = PBXFileReference; lastKnownFileType = wrapper.framework; name = MapKit.framework; path = System/Library/Frameworks/MapKit.framework; sourceTree = SDKROOT; };
		6BFB43C21D133E97003F3D83 /* MapViewController.h */ = {isa = PBXFileReference; fileEncoding = 4; lastKnownFileType = sourcecode.c.h; path = MapViewController.h; sourceTree = "<group>"; };
		6BFB43C31D133E97003F3D83 /* MapViewController.m */ = {isa = PBXFileReference; fileEncoding = 4; lastKnownFileType = sourcecode.c.objc; path = MapViewController.m; sourceTree = "<group>"; };
		6BFB44091D19BDE9003F3D83 /* MapAnnotation.h */ = {isa = PBXFileReference; fileEncoding = 4; lastKnownFileType = sourcecode.c.h; path = MapAnnotation.h; sourceTree = "<group>"; };
		6BFB440A1D19BDE9003F3D83 /* MapAnnotation.m */ = {isa = PBXFileReference; fileEncoding = 4; lastKnownFileType = sourcecode.c.objc; path = MapAnnotation.m; sourceTree = "<group>"; };
		6BFB440C1D19C421003F3D83 /* cookie.png */ = {isa = PBXFileReference; lastKnownFileType = image.png; path = cookie.png; sourceTree = "<group>"; };
		6BFB440E1D19C4C1003F3D83 /* MyPinAnnotation.h */ = {isa = PBXFileReference; fileEncoding = 4; lastKnownFileType = sourcecode.c.h; path = MyPinAnnotation.h; sourceTree = "<group>"; };
		6BFB440F1D19C4C1003F3D83 /* MyPinAnnotation.m */ = {isa = PBXFileReference; fileEncoding = 4; lastKnownFileType = sourcecode.c.objc; path = MyPinAnnotation.m; sourceTree = "<group>"; };
/* End PBXFileReference section */

/* Begin PBXFrameworksBuildPhase section */
		6BFB43981D133276003F3D83 /* Frameworks */ = {
			isa = PBXFrameworksBuildPhase;
			buildActionMask = 2147483647;
			files = (
				6BFB43C11D133BAF003F3D83 /* MapKit.framework in Frameworks */,
			);
			runOnlyForDeploymentPostprocessing = 0;
		};
/* End PBXFrameworksBuildPhase section */

/* Begin PBXGroup section */
		6BFB43921D133276003F3D83 = {
			isa = PBXGroup;
			children = (
				6BFB439D1D133276003F3D83 /* SearchApp */,
				6BFB439C1D133276003F3D83 /* Products */,
			);
			sourceTree = "<group>";
		};
		6BFB439C1D133276003F3D83 /* Products */ = {
			isa = PBXGroup;
			children = (
				6BFB439B1D133276003F3D83 /* SearchApp.app */,
			);
			name = Products;
			sourceTree = "<group>";
		};
		6BFB439D1D133276003F3D83 /* SearchApp */ = {
			isa = PBXGroup;
			children = (
				6BFB43A11D133276003F3D83 /* AppDelegate.h */,
				6BFB43A21D133276003F3D83 /* AppDelegate.m */,
				6BFB43A71D133276003F3D83 /* Main.storyboard */,
				6BFB43AA1D133276003F3D83 /* Assets.xcassets */,
				6BFB43AC1D133276003F3D83 /* LaunchScreen.storyboard */,
				6BFB43AF1D133276003F3D83 /* Info.plist */,
				6BFB439E1D133276003F3D83 /* Supporting Files */,
				6BFB43B51D1333F6003F3D83 /* SearchViewController.h */,
				6BFB43B61D1333F6003F3D83 /* SearchViewController.m */,
				6BFB43B81D133480003F3D83 /* ResultsTableViewController.h */,
				6BFB43B91D133480003F3D83 /* ResultsTableViewController.m */,
				6BFB43C21D133E97003F3D83 /* MapViewController.h */,
				6BFB43C31D133E97003F3D83 /* MapViewController.m */,
				6BFB440E1D19C4C1003F3D83 /* MyPinAnnotation.h */,
				6BFB440F1D19C4C1003F3D83 /* MyPinAnnotation.m */,
				6BFB44091D19BDE9003F3D83 /* MapAnnotation.h */,
				6BFB440A1D19BDE9003F3D83 /* MapAnnotation.m */,
				6BFB43BB1D133715003F3D83 /* Result.h */,
				6BFB43BC1D133715003F3D83 /* Result.m */,
			);
			path = SearchApp;
			sourceTree = "<group>";
		};
		6BFB439E1D133276003F3D83 /* Supporting Files */ = {
			isa = PBXGroup;
			children = (
				6BFB440C1D19C421003F3D83 /* cookie.png */,
				6BFB43C01D133BAF003F3D83 /* MapKit.framework */,
				6BFB439F1D133276003F3D83 /* main.m */,
			);
			name = "Supporting Files";
			sourceTree = "<group>";
		};
/* End PBXGroup section */

/* Begin PBXNativeTarget section */
		6BFB439A1D133276003F3D83 /* SearchApp */ = {
			isa = PBXNativeTarget;
			buildConfigurationList = 6BFB43B21D133276003F3D83 /* Build configuration list for PBXNativeTarget "SearchApp" */;
			buildPhases = (
				6BFB43971D133276003F3D83 /* Sources */,
				6BFB43981D133276003F3D83 /* Frameworks */,
				6BFB43991D133276003F3D83 /* Resources */,
			);
			buildRules = (
			);
			dependencies = (
			);
			name = SearchApp;
			productName = SearchApp;
			productReference = 6BFB439B1D133276003F3D83 /* SearchApp.app */;
			productType = "com.apple.product-type.application";
		};
/* End PBXNativeTarget section */

/* Begin PBXProject section */
		6BFB43931D133276003F3D83 /* Project object */ = {
			isa = PBXProject;
			attributes = {
				LastUpgradeCheck = 0730;
				ORGANIZATIONNAME = "Rakin Munjid";
				TargetAttributes = {
					6BFB439A1D133276003F3D83 = {
						CreatedOnToolsVersion = 7.3.1;
						DevelopmentTeam = 6HRA238DBQ;
						SystemCapabilities = {
							com.apple.Maps.iOS = {
								enabled = 1;
							};
						};
					};
				};
			};
			buildConfigurationList = 6BFB43961D133276003F3D83 /* Build configuration list for PBXProject "searchapp" */;
			compatibilityVersion = "Xcode 3.2";
			developmentRegion = English;
			hasScannedForEncodings = 0;
			knownRegions = (
				en,
				Base,
			);
			mainGroup = 6BFB43921D133276003F3D83;
			productRefGroup = 6BFB439C1D133276003F3D83 /* Products */;
			projectDirPath = "";
			projectRoot = "";
			targets = (
				6BFB439A1D133276003F3D83 /* SearchApp */,
			);
		};
/* End PBXProject section */

/* Begin PBXResourcesBuildPhase section */
		6BFB43991D133276003F3D83 /* Resources */ = {
			isa = PBXResourcesBuildPhase;
			buildActionMask = 2147483647;
			files = (
				6BFB43AE1D133276003F3D83 /* LaunchScreen.storyboard in Resources */,
				6BFB43AB1D133276003F3D83 /* Assets.xcassets in Resources */,
				6BFB43A91D133276003F3D83 /* Main.storyboard in Resources */,
				6BFB440D1D19C421003F3D83 /* cookie.png in Resources */,
			);
			runOnlyForDeploymentPostprocessing = 0;
		};
/* End PBXResourcesBuildPhase section */

/* Begin PBXSourcesBuildPhase section */
		6BFB43971D133276003F3D83 /* Sources */ = {
			isa = PBXSourcesBuildPhase;
			buildActionMask = 2147483647;
			files = (
				6BFB43BA1D133480003F3D83 /* ResultsTableViewController.m in Sources */,
				6BFB43A31D133276003F3D83 /* AppDelegate.m in Sources */,
				6BFB43BD1D133715003F3D83 /* Result.m in Sources */,
				6BFB43C41D133E97003F3D83 /* MapViewController.m in Sources */,
				6BFB44101D19C4C1003F3D83 /* MyPinAnnotation.m in Sources */,
				6BFB43B71D1333F6003F3D83 /* SearchViewController.m in Sources */,
				6BFB43A01D133276003F3D83 /* main.m in Sources */,
				6BFB440B1D19BDE9003F3D83 /* MapAnnotation.m in Sources */,
			);
			runOnlyForDeploymentPostprocessing = 0;
		};
/* End PBXSourcesBuildPhase section */

/* Begin PBXVariantGroup section */
		6BFB43A71D133276003F3D83 /* Main.storyboard */ = {
			isa = PBXVariantGroup;
			children = (
				6BFB43A81D133276003F3D83 /* Base */,
			);
			name = Main.storyboard;
			sourceTree = "<group>";
		};
		6BFB43AC1D133276003F3D83 /* LaunchScreen.storyboard */ = {
			isa = PBXVariantGroup;
			children = (
				6BFB43AD1D133276003F3D83 /* Base */,
			);
			name = LaunchScreen.storyboard;
			sourceTree = "<group>";
		};
/* End PBXVariantGroup section */

/* Begin XCBuildConfiguration section */
		6BFB43B01D133276003F3D83 /* Debug */ = {
			isa = XCBuildConfiguration;
			buildSettings = {
				ALWAYS_SEARCH_USER_PATHS = NO;
				CLANG_ANALYZER_NONNULL = YES;
				CLANG_CXX_LANGUAGE_STANDARD = "gnu++0x";
				CLANG_CXX_LIBRARY = "libc++";
				CLANG_ENABLE_MODULES = YES;
				CLANG_ENABLE_OBJC_ARC = YES;
				CLANG_WARN_BOOL_CONVERSION = YES;
				CLANG_WARN_CONSTANT_CONVERSION = YES;
				CLANG_WARN_DIRECT_OBJC_ISA_USAGE = YES_ERROR;
				CLANG_WARN_EMPTY_BODY = YES;
				CLANG_WARN_ENUM_CONVERSION = YES;
				CLANG_WARN_INT_CONVERSION = YES;
				CLANG_WARN_OBJC_ROOT_CLASS = YES_ERROR;
				CLANG_WARN_UNREACHABLE_CODE = YES;
				CLANG_WARN__DUPLICATE_METHOD_MATCH = YES;
				"CODE_SIGN_IDENTITY[sdk=iphoneos*]" = "iPhone Developer";
				COPY_PHASE_STRIP = NO;
				DEBUG_INFORMATION_FORMAT = dwarf;
				ENABLE_STRICT_OBJC_MSGSEND = YES;
				ENABLE_TESTABILITY = YES;
				GCC_C_LANGUAGE_STANDARD = gnu99;
				GCC_DYNAMIC_NO_PIC = NO;
				GCC_NO_COMMON_BLOCKS = YES;
				GCC_OPTIMIZATION_LEVEL = 0;
				GCC_PREPROCESSOR_DEFINITIONS = (
					"DEBUG=1",
					"$(inherited)",
				);
				GCC_WARN_64_TO_32_BIT_CONVERSION = YES;
				GCC_WARN_ABOUT_RETURN_TYPE = YES_ERROR;
				GCC_WARN_UNDECLARED_SELECTOR = YES;
				GCC_WARN_UNINITIALIZED_AUTOS = YES_AGGRESSIVE;
				GCC_WARN_UNUSED_FUNCTION = YES;
				GCC_WARN_UNUSED_VARIABLE = YES;
				IPHONEOS_DEPLOYMENT_TARGET = 9.3;
				MTL_ENABLE_DEBUG_INFO = YES;
				ONLY_ACTIVE_ARCH = YES;
				SDKROOT = iphoneos;
			};
			name = Debug;
		};
		6BFB43B11D133276003F3D83 /* Release */ = {
			isa = XCBuildConfiguration;
			buildSettings = {
				ALWAYS_SEARCH_USER_PATHS = NO;
				CLANG_ANALYZER_NONNULL = YES;
				CLANG_CXX_LANGUAGE_STANDARD = "gnu++0x";
				CLANG_CXX_LIBRARY = "libc++";
				CLANG_ENABLE_MODULES = YES;
				CLANG_ENABLE_OBJC_ARC = YES;
				CLANG_WARN_BOOL_CONVERSION = YES;
				CLANG_WARN_CONSTANT_CONVERSION = YES;
				CLANG_WARN_DIRECT_OBJC_ISA_USAGE = YES_ERROR;
				CLANG_WARN_EMPTY_BODY = YES;
				CLANG_WARN_ENUM_CONVERSION = YES;
				CLANG_WARN_INT_CONVERSION = YES;
				CLANG_WARN_OBJC_ROOT_CLASS = YES_ERROR;
				CLANG_WARN_UNREACHABLE_CODE = YES;
				CLANG_WARN__DUPLICATE_METHOD_MATCH = YES;
				"CODE_SIGN_IDENTITY[sdk=iphoneos*]" = "iPhone Developer";
				COPY_PHASE_STRIP = NO;
				DEBUG_INFORMATION_FORMAT = "dwarf-with-dsym";
				ENABLE_NS_ASSERTIONS = NO;
				ENABLE_STRICT_OBJC_MSGSEND = YES;
				GCC_C_LANGUAGE_STANDARD = gnu99;
				GCC_NO_COMMON_BLOCKS = YES;
				GCC_WARN_64_TO_32_BIT_CONVERSION = YES;
				GCC_WARN_ABOUT_RETURN_TYPE = YES_ERROR;
				GCC_WARN_UNDECLARED_SELECTOR = YES;
				GCC_WARN_UNINITIALIZED_AUTOS = YES_AGGRESSIVE;
				GCC_WARN_UNUSED_FUNCTION = YES;
				GCC_WARN_UNUSED_VARIABLE = YES;
				IPHONEOS_DEPLOYMENT_TARGET = 9.3;
				MTL_ENABLE_DEBUG_INFO = NO;
				SDKROOT = iphoneos;
				VALIDATE_PRODUCT = YES;
			};
			name = Release;
		};
		6BFB43B31D133276003F3D83 /* Debug */ = {
			isa = XCBuildConfiguration;
			buildSettings = {
				ASSETCATALOG_COMPILER_APPICON_NAME = AppIcon;
				CODE_SIGN_IDENTITY = "iPhone Developer";
				INFOPLIST_FILE = SearchApp/Info.plist;
				IPHONEOS_DEPLOYMENT_TARGET = 9.1;
				LD_RUNPATH_SEARCH_PATHS = "$(inherited) @executable_path/Frameworks";
				PRODUCT_BUNDLE_IDENTIFIER = "Rakin-Munjid.SearchApp";
				PRODUCT_NAME = "$(TARGET_NAME)";
			};
			name = Debug;
		};
		6BFB43B41D133276003F3D83 /* Release */ = {
			isa = XCBuildConfiguration;
			buildSettings = {
				ASSETCATALOG_COMPILER_APPICON_NAME = AppIcon;
				CODE_SIGN_IDENTITY = "iPhone Developer";
				INFOPLIST_FILE = SearchApp/Info.plist;
				IPHONEOS_DEPLOYMENT_TARGET = 9.1;
				LD_RUNPATH_SEARCH_PATHS = "$(inherited) @executable_path/Frameworks";
				PRODUCT_BUNDLE_IDENTIFIER = "Rakin-Munjid.SearchApp";
				PRODUCT_NAME = "$(TARGET_NAME)";
			};
			name = Release;
		};
/* End XCBuildConfiguration section */

/* Begin XCConfigurationList section */
		6BFB43961D133276003F3D83 /* Build configuration list for PBXProject "searchapp" */ = {
			isa = XCConfigurationList;
			buildConfigurations = (
				6BFB43B01D133276003F3D83 /* Debug */,
				6BFB43B11D133276003F3D83 /* Release */,
			);
			defaultConfigurationIsVisible = 0;
			defaultConfigurationName = Release;
		};
		6BFB43B21D133276003F3D83 /* Build configuration list for PBXNativeTarget "SearchApp" */ = {
			isa = XCConfigurationList;
			buildConfigurations = (
				6BFB43B31D133276003F3D83 /* Debug */,
				6BFB43B41D133276003F3D83 /* Release */,
			);
			defaultConfigurationIsVisible = 0;
			defaultConfigurationName = Release;
		};
/* End XCConfigurationList section */
	};
	rootObject = 6BFB43931D133276003F3D83 /* Project object */;
}
